# Generated for CPython 3.11 on linux/amd64.
# Refresh only through scripts/microservices/prepare-ocr-wheelhouse.sh after
# reviewing every version and hash. The Docker build installs with no index.

annotated-types==0.8.0 \
    --hash=sha256:f072f4d804ea359e4eaf198b1af7a8b0943881a87f31bb764f8bf219bb9419e0
boto3==1.34.0 \
    --hash=sha256:8b3c4d4e720c0ad706590c284b8f30c76de3472c1ce1bac610425f99bf6ab53b
botocore==1.34.162 \
    --hash=sha256:2d918b02db88d27a75b48275e6fb2506e9adaaddbec1ffa6a8a0898b34e769be
jmespath==1.1.0 \
    --hash=sha256:a5663118de4908c91729bea0acadca56526eb2698e83de10cd116ae0f4e97c64
pydantic==2.5.3 \
    --hash=sha256:d0caf5954bee831b6bfe7e338c32b9e30c85dfe080c843680783ac2b631673b4
pydantic-core==2.14.6 \
    --hash=sha256:b2602177668f89b38b9f84b7b3435d0a72511ddef45dc14446811759b82235a1
python-dateutil==2.9.0.post0 \
    --hash=sha256:a8b2bc7bffae282281c8140a97d3aa9c14da0b136dfe83f850eea9a5f7470427
s3transfer==0.9.0 \
    --hash=sha256:01d4d2c35a016db8cb14f9a4d5e84c1f8c96e7ffc211422555eed45c11fa7eb1
six==1.17.0 \
    --hash=sha256:4721f391ed90541fddacab5acf947aa0d3dc7d27b2e1e8eda2be8970586c3274
typing-extensions==4.16.0 \
    --hash=sha256:481caa481374e813c1b176ada14e97f1f67a4539ce9cfeb3f350d78d6370c2e8
urllib3==2.7.0 \
    --hash=sha256:9fb4c81ebbb1ce9531cce37674bbc6f1360472bc18ca9a553ede278ef7276897
