# Resolved with CPython 3.11.14 from requirements.txt.
# Review the complete closure before changing any version.

annotated-types==0.8.0
boto3==1.43.72
botocore==1.43.72
jmespath==1.1.0
pydantic==2.13.4
pydantic-core==2.46.4
python-dateutil==2.9.0.post0
s3transfer==0.19.2
six==1.17.0
structlog==26.1.0
typing-extensions==4.16.0
typing-inspection==0.4.4
urllib3==2.7.0
